
Microsoft Visual Studio Solution File, Format Version 12.00
# Visual Studio Version 17
VisualStudioVersion = 17.3.32901.215
MinimumVisualStudioVersion = 10.0.40219.1
Project("{FAE04EC0-301F-11D3-BF4B-00C04F79EFBC}") = "Inheritance", "Inheritance\Inheritance.csproj", "{F767D676-7F7F-46E0-A4FC-D9626EF2EC56}"
EndProject
Global
	GlobalSection(SolutionConfigurationPlatforms) = preSolution
		Debug|Any CPU = Debug|Any CPU
		Release|Any CPU = Release|Any CPU
	EndGlobalSection
	GlobalSection(ProjectConfigurationPlatforms) = postSolution
		{F767D676-7F7F-46E0-A4FC-D9626EF2EC56}.Debug|Any CPU.ActiveCfg = Debug|Any CPU
		{F767D676-7F7F-46E0-A4FC-D9626EF2EC56}.Debug|Any CPU.Build.0 = Debug|Any CPU
		{F767D676-7F7F-46E0-A4FC-D9626EF2EC56}.Release|Any CPU.ActiveCfg = Release|Any CPU
		{F767D676-7F7F-46E0-A4FC-D9626EF2EC56}.Release|Any CPU.Build.0 = Release|Any CPU
	EndGlobalSection
	GlobalSection(SolutionProperties) = preSolution
		HideSolutionNode = FALSE
	EndGlobalSection
	GlobalSection(ExtensibilityGlobals) = postSolution
		SolutionGuid = {E83BD696-0488-4FE8-9532-8B234491E99A}
	EndGlobalSection
EndGlobal
